{
  "name": "spring",
  "lockfileVersion": 2,
  "requires": true,
  "packages": {
    "": {
      "dependencies": {
        "@maybecode/m-chat": "^1.4.0"
      }
    },
    "node_modules/@babel/parser": {
      "version": "7.20.3",
      "resolved": "https://registry.npmmirror.com/@babel/parser/-/parser-7.20.3.tgz",
      "integrity": "sha512-OP/s5a94frIPXwjzEcv5S/tpQfc6XhxYUnmWpgdqMWGgYCuErA3SzozaRAMQgSZWKeTJxht9aWAkUY+0UzvOFg==",
      "bin": {
        "parser": "bin/babel-parser.js"
      },
      "engines": {
        "node": ">=6.0.0"
      }
    },
    "node_modules/@babel/runtime": {
      "version": "7.20.1",
      "resolved": "https://registry.npmmirror.com/@babel/runtime/-/runtime-7.20.1.tgz",
      "integrity": "sha512-mrzLkl6U9YLF8qpqI7TB82PESyEGjm/0Ly91jG575eVxMMlb8fYfOXFZIJ8XfLrJZQbm7dlKry2bJmXBUEkdFg==",
      "dependencies": {
        "regenerator-runtime": "^0.13.10"
      },
      "engines": {
        "node": ">=6.9.0"
      }
    },
    "node_modules/@better-scroll/core": {
      "version": "2.5.0",
      "resolved": "https://registry.npmmirror.com/@better-scroll/core/-/core-2.5.0.tgz",
      "integrity": "sha512-+3aKf8T3kUl4Gj1M7NKV3fNFhsrBpTWwHoDClkXVmQ8S3TxMMHf6Kyw6l1zKsg4r+9ukW5lDDkyif7/gY76qXQ==",
      "dependencies": {
        "@better-scroll/shared-utils": "^2.5.0"
      }
    },
    "node_modules/@better-scroll/pull-down": {
      "version": "2.5.0",
      "resolved": "https://registry.npmmirror.com/@better-scroll/pull-down/-/pull-down-2.5.0.tgz",
      "integrity": "sha512-9XkW0CUr0FPanbaCL1OPo5YfCpr2iGGb7Fnd6CCwDI0G6vo01c5/nvOkMbIA8SZhK9X34/yg70f9zS8XXdIBQA==",
      "dependencies": {
        "@better-scroll/core": "^2.5.0"
      }
    },
    "node_modules/@better-scroll/shared-utils": {
      "version": "2.5.0",
      "resolved": "https://registry.npmmirror.com/@better-scroll/shared-utils/-/shared-utils-2.5.0.tgz",
      "integrity": "sha512-5bfR/cwzIFtgWAU5E0CPKcOUvyd7KcgDZyAbOJQT6qqJeUBmTpG4Z8R7qO8uvqdZ0yIXxRPOu4te2Qt6ihGhkQ=="
    },
    "node_modules/@maybecode/m-chat": {
      "version": "1.4.0",
      "resolved": "https://registry.npmmirror.com/@maybecode/m-chat/-/m-chat-1.4.0.tgz",
      "integrity": "sha512-yNxRsK0/HIPKMJ1E2nkZuxAmIlBxjfPtCkbXn1f3UlrhzdgIfnmhI93Zw2a8mjIKSW2COBmUIdODj4mUyjN2yw==",
      "dependencies": {
        "@better-scroll/core": "^2.3.1",
        "@better-scroll/pull-down": "^2.3.1",
        "@maybecode/m-chat": "^1.3.2",
        "core-js": "^3.6.5",
        "hammerjs": "^2.0.8",
        "lodash": "^4.17.21",
        "lottie-web": "^5.7.8",
        "mitt": "^2.1.0",
        "recorder-core": "^1.1.21021500",
        "vant": "^2.12.20",
        "vue": "^2.6.11",
        "vue-router": "^3.2.0",
        "vuex": "^3.4.0"
      }
    },
    "node_modules/@vant/icons": {
      "version": "1.8.0",
      "resolved": "https://registry.npmmirror.com/@vant/icons/-/icons-1.8.0.tgz",
      "integrity": "sha512-sKfEUo2/CkQFuERxvkuF6mGQZDKu3IQdj5rV9Fm0weJXtchDSSQ+zt8qPCNUEhh9Y8shy5PzxbvAfOOkCwlCXg=="
    },
    "node_modules/@vant/popperjs": {
      "version": "1.3.0",
      "resolved": "https://registry.npmmirror.com/@vant/popperjs/-/popperjs-1.3.0.tgz",
      "integrity": "sha512-hB+czUG+aHtjhaEmCJDuXOep0YTZjdlRR+4MSmIFnkCQIxJaXLQdSsR90XWvAI2yvKUI7TCGqR8pQg2RtvkMHw=="
    },
    "node_modules/@vue/babel-helper-vue-jsx-merge-props": {
      "version": "1.4.0",
      "resolved": "https://registry.npmmirror.com/@vue/babel-helper-vue-jsx-merge-props/-/babel-helper-vue-jsx-merge-props-1.4.0.tgz",
      "integrity": "sha512-JkqXfCkUDp4PIlFdDQ0TdXoIejMtTHP67/pvxlgeY+u5k3LEdKuWZ3LK6xkxo52uDoABIVyRwqVkfLQJhk7VBA=="
    },
    "node_modules/@vue/compiler-sfc": {
      "version": "2.7.14",
      "resolved": "https://registry.npmmirror.com/@vue/compiler-sfc/-/compiler-sfc-2.7.14.tgz",
      "integrity": "sha512-aNmNHyLPsw+sVvlQFQ2/8sjNuLtK54TC6cuKnVzAY93ks4ZBrvwQSnkkIh7bsbNhum5hJBS00wSDipQ937f5DA==",
      "dependencies": {
        "@babel/parser": "^7.18.4",
        "postcss": "^8.4.14",
        "source-map": "^0.6.1"
      }
    },
    "node_modules/core-js": {
      "version": "3.26.1",
      "resolved": "https://registry.npmmirror.com/core-js/-/core-js-3.26.1.tgz",
      "integrity": "sha512-21491RRQVzUn0GGM9Z1Jrpr6PNPxPi+Za8OM9q4tksTSnlbXXGKK1nXNg/QvwFYettXvSX6zWKCtHHfjN4puyA==",
      "hasInstallScript": true
    },
    "node_modules/csstype": {
      "version": "3.1.1",
      "resolved": "https://registry.npmmirror.com/csstype/-/csstype-3.1.1.tgz",
      "integrity": "sha512-DJR/VvkAvSZW9bTouZue2sSxDwdTN92uHjqeKVm+0dAqdfNykRzQ95tay8aXMBAAPpUiq4Qcug2L7neoRh2Egw=="
    },
    "node_modules/hammerjs": {
      "version": "2.0.8",
      "resolved": "https://registry.npmmirror.com/hammerjs/-/hammerjs-2.0.8.tgz",
      "integrity": "sha512-tSQXBXS/MWQOn/RKckawJ61vvsDpCom87JgxiYdGwHdOa0ht0vzUWDlfioofFCRU0L+6NGDt6XzbgoJvZkMeRQ==",
      "engines": {
        "node": ">=0.8.0"
      }
    },
    "node_modules/lodash": {
      "version": "4.17.21",
      "resolved": "https://registry.npmmirror.com/lodash/-/lodash-4.17.21.tgz",
      "integrity": "sha512-v2kDEe57lecTulaDIuNTPy3Ry4gLGJ6Z1O3vE1krgXZNrsQ+LFTGHVxVjcXPs17LhbZVGedAJv8XZ1tvj5FvSg=="
    },
    "node_modules/lottie-web": {
      "version": "5.9.6",
      "resolved": "https://registry.npmmirror.com/lottie-web/-/lottie-web-5.9.6.tgz",
      "integrity": "sha512-JFs7KsHwflugH5qIXBpB4905yC1Sub2MZWtl/elvO/QC6qj1ApqbUZJyjzJseJUtVpgiDaXQLjBlIJGS7UUUXA=="
    },
    "node_modules/mitt": {
      "version": "2.1.0",
      "resolved": "https://registry.npmmirror.com/mitt/-/mitt-2.1.0.tgz",
      "integrity": "sha512-ILj2TpLiysu2wkBbWjAmww7TkZb65aiQO+DkVdUTBpBXq+MHYiETENkKFMtsJZX1Lf4pe4QOrTSjIfUwN5lRdg=="
    },
    "node_modules/nanoid": {
      "version": "3.3.4",
      "resolved": "https://registry.npmmirror.com/nanoid/-/nanoid-3.3.4.tgz",
      "integrity": "sha512-MqBkQh/OHTS2egovRtLk45wEyNXwF+cokD+1YPf9u5VfJiRdAiRwB2froX5Co9Rh20xs4siNPm8naNotSD6RBw==",
      "bin": {
        "nanoid": "bin/nanoid.cjs"
      },
      "engines": {
        "node": "^10 || ^12 || ^13.7 || ^14 || >=15.0.1"
      }
    },
    "node_modules/picocolors": {
      "version": "1.0.0",
      "resolved": "https://registry.npmmirror.com/picocolors/-/picocolors-1.0.0.tgz",
      "integrity": "sha512-1fygroTLlHu66zi26VoTDv8yRgm0Fccecssto+MhsZ0D/DGW2sm8E8AjW7NU5VVTRt5GxbeZ5qBuJr+HyLYkjQ=="
    },
    "node_modules/postcss": {
      "version": "8.4.19",
      "resolved": "https://registry.npmmirror.com/postcss/-/postcss-8.4.19.tgz",
      "integrity": "sha512-h+pbPsyhlYj6N2ozBmHhHrs9DzGmbaarbLvWipMRO7RLS+v4onj26MPFXA5OBYFxyqYhUJK456SwDcY9H2/zsA==",
      "dependencies": {
        "nanoid": "^3.3.4",
        "picocolors": "^1.0.0",
        "source-map-js": "^1.0.2"
      },
      "engines": {
        "node": "^10 || ^12 || >=14"
      }
    },
    "node_modules/recorder-core": {
      "version": "1.2.22080700",
      "resolved": "https://registry.npmmirror.com/recorder-core/-/recorder-core-1.2.22080700.tgz",
      "integrity": "sha512-A7VfuVBbOCJpvo+YmEc/Sshw4nDTmfAg1beL9P+vlCYHnECfZeaa07tFADT++z6VtdYCuu0un6DGl1uZQnzamg=="
    },
    "node_modules/regenerator-runtime": {
      "version": "0.13.11",
      "resolved": "https://registry.npmmirror.com/regenerator-runtime/-/regenerator-runtime-0.13.11.tgz",
      "integrity": "sha512-kY1AZVr2Ra+t+piVaJ4gxaFaReZVH40AKNo7UCX6W+dEwBo/2oZJzqfuN1qLq1oL45o56cPaTXELwrTh8Fpggg=="
    },
    "node_modules/source-map": {
      "version": "0.6.1",
      "resolved": "https://registry.npmmirror.com/source-map/-/source-map-0.6.1.tgz",
      "integrity": "sha512-UjgapumWlbMhkBgzT7Ykc5YXUT46F0iKu8SGXq0bcwP5dz/h0Plj6enJqjz1Zbq2l5WaqYnrVbwWOWMyF3F47g==",
      "engines": {
        "node": ">=0.10.0"
      }
    },
    "node_modules/source-map-js": {
      "version": "1.0.2",
      "resolved": "https://registry.npmmirror.com/source-map-js/-/source-map-js-1.0.2.tgz",
      "integrity": "sha512-R0XvVJ9WusLiqTCEiGCmICCMplcCkIwwR11mOSD9CR5u+IXYdiseeEuXCVAjS54zqwkLcPNnmU4OeJ6tUrWhDw==",
      "engines": {
        "node": ">=0.10.0"
      }
    },
    "node_modules/vant": {
      "version": "2.12.53",
      "resolved": "https://registry.npmmirror.com/vant/-/vant-2.12.53.tgz",
      "integrity": "sha512-f/wSWMCm/fd8bvm2QfPkpPqYUn8gwmBGw3DxAUPSTd/5prc1cRn23HEak8LDMJ5FmfW9mp7G5vdGlnEYCtww8Q==",
      "dependencies": {
        "@babel/runtime": "7.x",
        "@vant/icons": "^1.7.1",
        "@vant/popperjs": "^1.1.0",
        "@vue/babel-helper-vue-jsx-merge-props": "^1.0.0",
        "vue-lazyload": "1.2.3"
      },
      "peerDependencies": {
        "vue": ">= 2.6.0"
      }
    },
    "node_modules/vue": {
      "version": "2.7.14",
      "resolved": "https://registry.npmmirror.com/vue/-/vue-2.7.14.tgz",
      "integrity": "sha512-b2qkFyOM0kwqWFuQmgd4o+uHGU7T+2z3T+WQp8UBjADfEv2n4FEMffzBmCKNP0IGzOEEfYjvtcC62xaSKeQDrQ==",
      "dependencies": {
        "@vue/compiler-sfc": "2.7.14",
        "csstype": "^3.1.0"
      }
    },
    "node_modules/vue-lazyload": {
      "version": "1.2.3",
      "resolved": "https://registry.npmmirror.com/vue-lazyload/-/vue-lazyload-1.2.3.tgz",
      "integrity": "sha512-DC0ZwxanbRhx79tlA3zY5OYJkH8FYp3WBAnAJbrcuoS8eye1P73rcgAZhyxFSPUluJUTelMB+i/+VkNU/qVm7g=="
    },
    "node_modules/vue-router": {
      "version": "3.6.5",
      "resolved": "https://registry.npmmirror.com/vue-router/-/vue-router-3.6.5.tgz",
      "integrity": "sha512-VYXZQLtjuvKxxcshuRAwjHnciqZVoXAjTjcqBTz4rKc8qih9g9pI3hbDjmqXaHdgL3v8pV6P8Z335XvHzESxLQ=="
    },
    "node_modules/vuex": {
      "version": "3.6.2",
      "resolved": "https://registry.npmmirror.com/vuex/-/vuex-3.6.2.tgz",
      "integrity": "sha512-ETW44IqCgBpVomy520DT5jf8n0zoCac+sxWnn+hMe/CzaSejb/eVw2YToiXYX+Ex/AuHHia28vWTq4goAexFbw==",
      "peerDependencies": {
        "vue": "^2.0.0"
      }
    }
  },
  "dependencies": {
    "@babel/parser": {
      "version": "7.20.3",
      "resolved": "https://registry.npmmirror.com/@babel/parser/-/parser-7.20.3.tgz",
      "integrity": "sha512-OP/s5a94frIPXwjzEcv5S/tpQfc6XhxYUnmWpgdqMWGgYCuErA3SzozaRAMQgSZWKeTJxht9aWAkUY+0UzvOFg=="
    },
    "@babel/runtime": {
      "version": "7.20.1",
      "resolved": "https://registry.npmmirror.com/@babel/runtime/-/runtime-7.20.1.tgz",
      "integrity": "sha512-mrzLkl6U9YLF8qpqI7TB82PESyEGjm/0Ly91jG575eVxMMlb8fYfOXFZIJ8XfLrJZQbm7dlKry2bJmXBUEkdFg==",
      "requires": {
        "regenerator-runtime": "^0.13.10"
      }
    },
    "@better-scroll/core": {
      "version": "2.5.0",
      "resolved": "https://registry.npmmirror.com/@better-scroll/core/-/core-2.5.0.tgz",
      "integrity": "sha512-+3aKf8T3kUl4Gj1M7NKV3fNFhsrBpTWwHoDClkXVmQ8S3TxMMHf6Kyw6l1zKsg4r+9ukW5lDDkyif7/gY76qXQ==",
      "requires": {
        "@better-scroll/shared-utils": "^2.5.0"
      }
    },
    "@better-scroll/pull-down": {
      "version": "2.5.0",
      "resolved": "https://registry.npmmirror.com/@better-scroll/pull-down/-/pull-down-2.5.0.tgz",
      "integrity": "sha512-9XkW0CUr0FPanbaCL1OPo5YfCpr2iGGb7Fnd6CCwDI0G6vo01c5/nvOkMbIA8SZhK9X34/yg70f9zS8XXdIBQA==",
      "requires": {
        "@better-scroll/core": "^2.5.0"
      }
    },
    "@better-scroll/shared-utils": {
      "version": "2.5.0",
      "resolved": "https://registry.npmmirror.com/@better-scroll/shared-utils/-/shared-utils-2.5.0.tgz",
      "integrity": "sha512-5bfR/cwzIFtgWAU5E0CPKcOUvyd7KcgDZyAbOJQT6qqJeUBmTpG4Z8R7qO8uvqdZ0yIXxRPOu4te2Qt6ihGhkQ=="
    },
    "@maybecode/m-chat": {
      "version": "1.4.0",
      "resolved": "https://registry.npmmirror.com/@maybecode/m-chat/-/m-chat-1.4.0.tgz",
      "integrity": "sha512-yNxRsK0/HIPKMJ1E2nkZuxAmIlBxjfPtCkbXn1f3UlrhzdgIfnmhI93Zw2a8mjIKSW2COBmUIdODj4mUyjN2yw==",
      "requires": {
        "@better-scroll/core": "^2.3.1",
        "@better-scroll/pull-down": "^2.3.1",
        "@maybecode/m-chat": "^1.3.2",
        "core-js": "^3.6.5",
        "hammerjs": "^2.0.8",
        "lodash": "^4.17.21",
        "lottie-web": "^5.7.8",
        "mitt": "^2.1.0",
        "recorder-core": "^1.1.21021500",
        "vant": "^2.12.20",
        "vue": "^2.6.11",
        "vue-router": "^3.2.0",
        "vuex": "^3.4.0"
      }
    },
    "@vant/icons": {
      "version": "1.8.0",
      "resolved": "https://registry.npmmirror.com/@vant/icons/-/icons-1.8.0.tgz",
      "integrity": "sha512-sKfEUo2/CkQFuERxvkuF6mGQZDKu3IQdj5rV9Fm0weJXtchDSSQ+zt8qPCNUEhh9Y8shy5PzxbvAfOOkCwlCXg=="
    },
    "@vant/popperjs": {
      "version": "1.3.0",
      "resolved": "https://registry.npmmirror.com/@vant/popperjs/-/popperjs-1.3.0.tgz",
      "integrity": "sha512-hB+czUG+aHtjhaEmCJDuXOep0YTZjdlRR+4MSmIFnkCQIxJaXLQdSsR90XWvAI2yvKUI7TCGqR8pQg2RtvkMHw=="
    },
    "@vue/babel-helper-vue-jsx-merge-props": {
      "version": "1.4.0",
      "resolved": "https://registry.npmmirror.com/@vue/babel-helper-vue-jsx-merge-props/-/babel-helper-vue-jsx-merge-props-1.4.0.tgz",
      "integrity": "sha512-JkqXfCkUDp4PIlFdDQ0TdXoIejMtTHP67/pvxlgeY+u5k3LEdKuWZ3LK6xkxo52uDoABIVyRwqVkfLQJhk7VBA=="
    },
    "@vue/compiler-sfc": {
      "version": "2.7.14",
      "resolved": "https://registry.npmmirror.com/@vue/compiler-sfc/-/compiler-sfc-2.7.14.tgz",
      "integrity": "sha512-aNmNHyLPsw+sVvlQFQ2/8sjNuLtK54TC6cuKnVzAY93ks4ZBrvwQSnkkIh7bsbNhum5hJBS00wSDipQ937f5DA==",
      "requires": {
        "@babel/parser": "^7.18.4",
        "postcss": "^8.4.14",
        "source-map": "^0.6.1"
      }
    },
    "core-js": {
      "version": "3.26.1",
      "resolved": "https://registry.npmmirror.com/core-js/-/core-js-3.26.1.tgz",
      "integrity": "sha512-21491RRQVzUn0GGM9Z1Jrpr6PNPxPi+Za8OM9q4tksTSnlbXXGKK1nXNg/QvwFYettXvSX6zWKCtHHfjN4puyA=="
    },
    "csstype": {
      "version": "3.1.1",
      "resolved": "https://registry.npmmirror.com/csstype/-/csstype-3.1.1.tgz",
      "integrity": "sha512-DJR/VvkAvSZW9bTouZue2sSxDwdTN92uHjqeKVm+0dAqdfNykRzQ95tay8aXMBAAPpUiq4Qcug2L7neoRh2Egw=="
    },
    "hammerjs": {
      "version": "2.0.8",
      "resolved": "https://registry.npmmirror.com/hammerjs/-/hammerjs-2.0.8.tgz",
      "integrity": "sha512-tSQXBXS/MWQOn/RKckawJ61vvsDpCom87JgxiYdGwHdOa0ht0vzUWDlfioofFCRU0L+6NGDt6XzbgoJvZkMeRQ=="
    },
    "lodash": {
      "version": "4.17.21",
      "resolved": "https://registry.npmmirror.com/lodash/-/lodash-4.17.21.tgz",
      "integrity": "sha512-v2kDEe57lecTulaDIuNTPy3Ry4gLGJ6Z1O3vE1krgXZNrsQ+LFTGHVxVjcXPs17LhbZVGedAJv8XZ1tvj5FvSg=="
    },
    "lottie-web": {
      "version": "5.9.6",
      "resolved": "https://registry.npmmirror.com/lottie-web/-/lottie-web-5.9.6.tgz",
      "integrity": "sha512-JFs7KsHwflugH5qIXBpB4905yC1Sub2MZWtl/elvO/QC6qj1ApqbUZJyjzJseJUtVpgiDaXQLjBlIJGS7UUUXA=="
    },
    "mitt": {
      "version": "2.1.0",
      "resolved": "https://registry.npmmirror.com/mitt/-/mitt-2.1.0.tgz",
      "integrity": "sha512-ILj2TpLiysu2wkBbWjAmww7TkZb65aiQO+DkVdUTBpBXq+MHYiETENkKFMtsJZX1Lf4pe4QOrTSjIfUwN5lRdg=="
    },
    "nanoid": {
      "version": "3.3.4",
      "resolved": "https://registry.npmmirror.com/nanoid/-/nanoid-3.3.4.tgz",
      "integrity": "sha512-MqBkQh/OHTS2egovRtLk45wEyNXwF+cokD+1YPf9u5VfJiRdAiRwB2froX5Co9Rh20xs4siNPm8naNotSD6RBw=="
    },
    "picocolors": {
      "version": "1.0.0",
      "resolved": "https://registry.npmmirror.com/picocolors/-/picocolors-1.0.0.tgz",
      "integrity": "sha512-1fygroTLlHu66zi26VoTDv8yRgm0Fccecssto+MhsZ0D/DGW2sm8E8AjW7NU5VVTRt5GxbeZ5qBuJr+HyLYkjQ=="
    },
    "postcss": {
      "version": "8.4.19",
      "resolved": "https://registry.npmmirror.com/postcss/-/postcss-8.4.19.tgz",
      "integrity": "sha512-h+pbPsyhlYj6N2ozBmHhHrs9DzGmbaarbLvWipMRO7RLS+v4onj26MPFXA5OBYFxyqYhUJK456SwDcY9H2/zsA==",
      "requires": {
        "nanoid": "^3.3.4",
        "picocolors": "^1.0.0",
        "source-map-js": "^1.0.2"
      }
    },
    "recorder-core": {
      "version": "1.2.22080700",
      "resolved": "https://registry.npmmirror.com/recorder-core/-/recorder-core-1.2.22080700.tgz",
      "integrity": "sha512-A7VfuVBbOCJpvo+YmEc/Sshw4nDTmfAg1beL9P+vlCYHnECfZeaa07tFADT++z6VtdYCuu0un6DGl1uZQnzamg=="
    },
    "regenerator-runtime": {
      "version": "0.13.11",
      "resolved": "https://registry.npmmirror.com/regenerator-runtime/-/regenerator-runtime-0.13.11.tgz",
      "integrity": "sha512-kY1AZVr2Ra+t+piVaJ4gxaFaReZVH40AKNo7UCX6W+dEwBo/2oZJzqfuN1qLq1oL45o56cPaTXELwrTh8Fpggg=="
    },
    "source-map": {
      "version": "0.6.1",
      "resolved": "https://registry.npmmirror.com/source-map/-/source-map-0.6.1.tgz",
      "integrity": "sha512-UjgapumWlbMhkBgzT7Ykc5YXUT46F0iKu8SGXq0bcwP5dz/h0Plj6enJqjz1Zbq2l5WaqYnrVbwWOWMyF3F47g=="
    },
    "source-map-js": {
      "version": "1.0.2",
      "resolved": "https://registry.npmmirror.com/source-map-js/-/source-map-js-1.0.2.tgz",
      "integrity": "sha512-R0XvVJ9WusLiqTCEiGCmICCMplcCkIwwR11mOSD9CR5u+IXYdiseeEuXCVAjS54zqwkLcPNnmU4OeJ6tUrWhDw=="
    },
    "vant": {
      "version": "2.12.53",
      "resolved": "https://registry.npmmirror.com/vant/-/vant-2.12.53.tgz",
      "integrity": "sha512-f/wSWMCm/fd8bvm2QfPkpPqYUn8gwmBGw3DxAUPSTd/5prc1cRn23HEak8LDMJ5FmfW9mp7G5vdGlnEYCtww8Q==",
      "requires": {
        "@babel/runtime": "7.x",
        "@vant/icons": "^1.7.1",
        "@vant/popperjs": "^1.1.0",
        "@vue/babel-helper-vue-jsx-merge-props": "^1.0.0",
        "vue-lazyload": "1.2.3"
      }
    },
    "vue": {
      "version": "2.7.14",
      "resolved": "https://registry.npmmirror.com/vue/-/vue-2.7.14.tgz",
      "integrity": "sha512-b2qkFyOM0kwqWFuQmgd4o+uHGU7T+2z3T+WQp8UBjADfEv2n4FEMffzBmCKNP0IGzOEEfYjvtcC62xaSKeQDrQ==",
      "requires": {
        "@vue/compiler-sfc": "2.7.14",
        "csstype": "^3.1.0"
      }
    },
    "vue-lazyload": {
      "version": "1.2.3",
      "resolved": "https://registry.npmmirror.com/vue-lazyload/-/vue-lazyload-1.2.3.tgz",
      "integrity": "sha512-DC0ZwxanbRhx79tlA3zY5OYJkH8FYp3WBAnAJbrcuoS8eye1P73rcgAZhyxFSPUluJUTelMB+i/+VkNU/qVm7g=="
    },
    "vue-router": {
      "version": "3.6.5",
      "resolved": "https://registry.npmmirror.com/vue-router/-/vue-router-3.6.5.tgz",
      "integrity": "sha512-VYXZQLtjuvKxxcshuRAwjHnciqZVoXAjTjcqBTz4rKc8qih9g9pI3hbDjmqXaHdgL3v8pV6P8Z335XvHzESxLQ=="
    },
    "vuex": {
      "version": "3.6.2",
      "resolved": "https://registry.npmmirror.com/vuex/-/vuex-3.6.2.tgz",
      "integrity": "sha512-ETW44IqCgBpVomy520DT5jf8n0zoCac+sxWnn+hMe/CzaSejb/eVw2YToiXYX+Ex/AuHHia28vWTq4goAexFbw==",
      "requires": {}
    }
  }
}
